
Microsoft Visual Studio Solution File, Format Version 12.00
# Visual Studio Version 16
VisualStudioVersion = 16.0.30907.101
MinimumVisualStudioVersion = 10.0.40219.1
Project("{FAE04EC0-301F-11D3-BF4B-00C04F79EFBC}") = "Task_1", "Task_1\Task_1.csproj", "{9B9E4AB5-DB95-40F4-B50A-0B3ED430E097}"
EndProject
Project("{FAE04EC0-301F-11D3-BF4B-00C04F79EFBC}") = "DataAccessLayer", "DataAccessLayer\DataAccessLayer.csproj", "{33A764D2-8174-4536-A315-E94E33A9C27F}"
EndProject
Project("{FAE04EC0-301F-11D3-BF4B-00C04F79EFBC}") = "BusinessLogicLayer", "BusinessLogicLayer\BusinessLogicLayer.csproj", "{FE32EA37-864C-4B38-98E3-68995FEBCD5C}"
EndProject
Global
	GlobalSection(SolutionConfigurationPlatforms) = preSolution
		Debug|Any CPU = Debug|Any CPU
		Release|Any CPU = Release|Any CPU
	EndGlobalSection
	GlobalSection(ProjectConfigurationPlatforms) = postSolution
		{9B9E4AB5-DB95-40F4-B50A-0B3ED430E097}.Debug|Any CPU.ActiveCfg = Debug|Any CPU
		{9B9E4AB5-DB95-40F4-B50A-0B3ED430E097}.Debug|Any CPU.Build.0 = Debug|Any CPU
		{9B9E4AB5-DB95-40F4-B50A-0B3ED430E097}.Release|Any CPU.ActiveCfg = Release|Any CPU
		{9B9E4AB5-DB95-40F4-B50A-0B3ED430E097}.Release|Any CPU.Build.0 = Release|Any CPU
		{33A764D2-8174-4536-A315-E94E33A9C27F}.Debug|Any CPU.ActiveCfg = Debug|Any CPU
		{33A764D2-8174-4536-A315-E94E33A9C27F}.Debug|Any CPU.Build.0 = Debug|Any CPU
		{33A764D2-8174-4536-A315-E94E33A9C27F}.Release|Any CPU.ActiveCfg = Release|Any CPU
		{33A764D2-8174-4536-A315-E94E33A9C27F}.Release|Any CPU.Build.0 = Release|Any CPU
		{FE32EA37-864C-4B38-98E3-68995FEBCD5C}.Debug|Any CPU.ActiveCfg = Debug|Any CPU
		{FE32EA37-864C-4B38-98E3-68995FEBCD5C}.Debug|Any CPU.Build.0 = Debug|Any CPU
		{FE32EA37-864C-4B38-98E3-68995FEBCD5C}.Release|Any CPU.ActiveCfg = Release|Any CPU
		{FE32EA37-864C-4B38-98E3-68995FEBCD5C}.Release|Any CPU.Build.0 = Release|Any CPU
	EndGlobalSection
	GlobalSection(SolutionProperties) = preSolution
		HideSolutionNode = FALSE
	EndGlobalSection
	GlobalSection(ExtensibilityGlobals) = postSolution
		SolutionGuid = {59679039-003A-4AF8-89CD-6C38EE395CD4}
	EndGlobalSection
EndGlobal
